<?xml version="1.0" encoding="utf-8"?>
<Project ToolsVersion="15.0" xmlns="http://schemas.microsoft.com/developer/msbuild/2003">
  <ItemGroup>
    <Filter Include="Resource Files">
      <UniqueIdentifier>{67DA6AB6-F800-4c08-8B7A-83BB121AAD01}</UniqueIdentifier>
      <Extensions>rc;ico;cur;bmp;dlg;rc2;rct;bin;rgs;gif;jpg;jpeg;jpe;resx;tga;tiff;tif;png;wav;mfcribbon-ms</Extensions>
    </Filter>
  </ItemGroup>
  <ItemGroup>
    <ClCompile Include="iodev_display.cpp" />
    <ClCompile Include="pch.cpp" />
    <ClCompile Include="..\iodev_old\display\banshee.cc" />
    <ClCompile Include="..\iodev_old\display\ddc.cc" />
    <ClCompile Include="..\iodev_old\display\svga_cirrus.cc" />
    <ClCompile Include="..\iodev_old\display\vga.cc" />
    <ClCompile Include="..\iodev_old\display\vgacore.cc" />
    <ClCompile Include="..\iodev_old\display\voodoo.cc" />
  </ItemGroup>
  <ItemGroup>
    <ClInclude Include="iodev_display.h" />
    <ClInclude Include="pch.h" />
    <ClInclude Include="targetver.h" />
    <ClInclude Include="..\iodev_old\display\bitblt.h" />
    <ClInclude Include="..\iodev_old\display\ddc.h" />
    <ClInclude Include="..\iodev_old\display\svga_cirrus.h" />
    <ClInclude Include="..\iodev_old\display\vga.h" />
    <ClInclude Include="..\iodev_old\display\vgacore.h" />
    <ClInclude Include="..\iodev_old\display\voodoo.h" />
    <ClInclude Include="..\iodev_old\display\voodoo_data.h" />
    <ClInclude Include="..\iodev_old\display\voodoo_func.h" />
    <ClInclude Include="..\iodev_old\display\voodoo_main.h" />
    <ClInclude Include="..\iodev_old\display\voodoo_types.h" />
  </ItemGroup>
</Project>