<?xml version="1.0" encoding="utf-8"?>
<Project ToolsVersion="15.0" xmlns="http://schemas.microsoft.com/developer/msbuild/2003">
  <ItemGroup>
    <Filter Include="Resource Files">
      <UniqueIdentifier>{67DA6AB6-F800-4c08-8B7A-83BB121AAD01}</UniqueIdentifier>
      <Extensions>rc;ico;cur;bmp;dlg;rc2;rct;bin;rgs;gif;jpg;jpeg;jpe;resx;tga;tiff;tif;png;wav;mfcribbon-ms</Extensions>
    </Filter>
  </ItemGroup>
  <ItemGroup>
    <ClCompile Include="cpu.cpp" />
    <ClCompile Include="pch.cpp" />
    <ClCompile Include="..\cpu\3dnow.cc" />
    <ClCompile Include="..\cpu\access.cc" />
    <ClCompile Include="..\cpu\access2.cc" />
    <ClCompile Include="..\cpu\aes.cc" />
    <ClCompile Include="..\cpu\apic.cc" />
    <ClCompile Include="..\cpu\arith8.cc" />
    <ClCompile Include="..\cpu\arith16.cc" />
    <ClCompile Include="..\cpu\arith32.cc" />
    <ClCompile Include="..\cpu\arith64.cc" />
    <ClCompile Include="..\cpu\bcd.cc" />
    <ClCompile Include="..\cpu\bit.cc" />
    <ClCompile Include="..\cpu\bit16.cc" />
    <ClCompile Include="..\cpu\bit32.cc" />
    <ClCompile Include="..\cpu\bit64.cc" />
    <ClCompile Include="..\cpu\bmi32.cc" />
    <ClCompile Include="..\cpu\bmi64.cc" />
    <ClCompile Include="..\cpu\call_far.cc" />
    <ClCompile Include="..\cpu\cpu.cc" />
    <ClCompile Include="..\cpu\cpuid.cc" />
    <ClCompile Include="..\cpu\crc32.cc" />
    <ClCompile Include="..\cpu\crregs.cc" />
    <ClCompile Include="..\cpu\ctrl_xfer_pro.cc" />
    <ClCompile Include="..\cpu\ctrl_xfer16.cc" />
    <ClCompile Include="..\cpu\ctrl_xfer32.cc" />
    <ClCompile Include="..\cpu\ctrl_xfer64.cc" />
    <ClCompile Include="..\cpu\data_xfer8.cc" />
    <ClCompile Include="..\cpu\data_xfer16.cc" />
    <ClCompile Include="..\cpu\data_xfer32.cc" />
    <ClCompile Include="..\cpu\data_xfer64.cc" />
    <ClCompile Include="..\cpu\debugstuff.cc" />
    <ClCompile Include="..\cpu\decoder\disasm.cc" />
    <ClCompile Include="..\cpu\event.cc" />
    <ClCompile Include="..\cpu\exception.cc" />
    <ClCompile Include="..\cpu\faststring.cc" />
    <ClCompile Include="..\cpu\decoder\fetchdecode32.cc" />
    <ClCompile Include="..\cpu\decoder\fetchdecode64.cc" />
    <ClCompile Include="..\cpu\flag_ctrl.cc" />
    <ClCompile Include="..\cpu\flag_ctrl_pro.cc" />
    <ClCompile Include="..\cpu\fpu_emu.cc" />
    <ClCompile Include="..\cpu\generic_cpuid.cc" />
    <ClCompile Include="..\cpu\gf2.cc" />
    <ClCompile Include="..\cpu\icache.cc" />
    <ClCompile Include="..\cpu\init.cc" />
    <ClCompile Include="..\cpu\io.cc" />
    <ClCompile Include="..\cpu\iret.cc" />
    <ClCompile Include="..\cpu\jmp_far.cc" />
    <ClCompile Include="..\cpu\load.cc" />
    <ClCompile Include="logical8.cc" />
    <ClCompile Include="..\cpu\logical16.cc" />
    <ClCompile Include="..\cpu\logical32.cc" />
    <ClCompile Include="..\cpu\logical64.cc" />
    <ClCompile Include="..\cpu\mmx.cc" />
    <ClCompile Include="..\cpu\msr.cc" />
    <ClCompile Include="..\cpu\mult8.cc" />
    <ClCompile Include="..\cpu\mult16.cc" />
    <ClCompile Include="..\cpu\mult32.cc" />
    <ClCompile Include="..\cpu\mult64.cc" />
    <ClCompile Include="..\cpu\mwait.cc" />
    <ClCompile Include="..\cpu\paging.cc" />
    <ClCompile Include="..\cpu\proc_ctrl.cc" />
    <ClCompile Include="..\cpu\protect_ctrl.cc" />
    <ClCompile Include="..\cpu\rdrand.cc" />
    <ClCompile Include="..\cpu\ret_far.cc" />
    <ClCompile Include="..\cpu\segment_ctrl.cc" />
    <ClCompile Include="..\cpu\segment_ctrl_pro.cc" />
    <ClCompile Include="..\cpu\sha.cc" />
    <ClCompile Include="..\cpu\shift8.cc" />
    <ClCompile Include="..\cpu\shift16.cc" />
    <ClCompile Include="..\cpu\shift32.cc" />
    <ClCompile Include="..\cpu\shift64.cc" />
    <ClCompile Include="..\cpu\smm.cc" />
    <ClCompile Include="..\cpu\soft_int.cc" />
    <ClCompile Include="..\cpu\sse.cc" />
    <ClCompile Include="..\cpu\sse_move.cc" />
    <ClCompile Include="..\cpu\sse_pfp.cc" />
    <ClCompile Include="..\cpu\sse_rcp.cc" />
    <ClCompile Include="..\cpu\sse_string.cc" />
    <ClCompile Include="..\cpu\stack.cc" />
    <ClCompile Include="..\cpu\stack16.cc" />
    <ClCompile Include="..\cpu\stack32.cc" />
    <ClCompile Include="..\cpu\stack64.cc" />
    <ClCompile Include="..\cpu\string.cc" />
    <ClCompile Include="..\cpu\svm.cc" />
    <ClCompile Include="..\cpu\tasking.cc" />
    <ClCompile Include="..\cpu\vapic.cc" />
    <ClCompile Include="..\cpu\vm8086.cc" />
    <ClCompile Include="..\cpu\vmcs.cc" />
    <ClCompile Include="..\cpu\vmexit.cc" />
    <ClCompile Include="..\cpu\vmfunc.cc" />
    <ClCompile Include="..\cpu\vmx.cc" />
    <ClCompile Include="..\cpu\wide_int.cc" />
    <ClCompile Include="..\cpu\xsave.cc" />
  </ItemGroup>
  <ItemGroup>
    <ClInclude Include="cpu.h" />
    <ClInclude Include="pch.h" />
    <ClInclude Include="targetver.h" />
    <ClInclude Include="..\cpu\access.h" />
    <ClInclude Include="..\cpu\apic.h" />
    <ClInclude Include="..\cpu\cpu.h" />
    <ClInclude Include="..\cpu\cpuid.h" />
    <ClInclude Include="..\cpu\cpustats.h" />
    <ClInclude Include="..\cpu\crregs.h" />
    <ClInclude Include="..\cpu\decoder\decoder.h" />
    <ClInclude Include="..\cpu\descriptor.h" />
    <ClInclude Include="..\cpu\decoder\fetchdecode.h" />
    <ClInclude Include="..\cpu\decoder\fetchdecode_avx.h" />
    <ClInclude Include="..\cpu\decoder\fetchdecode_evex.h" />
    <ClInclude Include="..\cpu\decoder\fetchdecode_opmap.h" />
    <ClInclude Include="..\cpu\decoder\fetchdecode_opmap_0f3a.h" />
    <ClInclude Include="..\cpu\decoder\fetchdecode_opmap_0f38.h" />
    <ClInclude Include="..\cpu\decoder\fetchdecode_x87.h" />
    <ClInclude Include="..\cpu\decoder\fetchdecode_xop.h" />
    <ClInclude Include="..\cpu\generic_cpuid.h" />
    <ClInclude Include="..\cpu\i387.h" />
    <ClInclude Include="..\cpu\icache.h" />
    <ClInclude Include="..\cpu\lazy_flags.h" />
    <ClInclude Include="..\cpu\scalar_arith.h" />
    <ClInclude Include="..\cpu\simd_compare.h" />
    <ClInclude Include="..\cpu\simd_int.h" />
    <ClInclude Include="..\cpu\simd_pfp.h" />
    <ClInclude Include="..\cpu\smm.h" />
    <ClInclude Include="..\cpu\stack.h" />
    <ClInclude Include="..\cpu\svm.h" />
    <ClInclude Include="..\cpu\tlb.h" />
    <ClInclude Include="..\cpu\vmx.h" />
    <ClInclude Include="..\cpu\wide_int.h" />
    <ClInclude Include="..\cpu\xmm.h" />
  </ItemGroup>
</Project>