<?xml version="1.0" encoding="utf-8"?>
<Project ToolsVersion="15.0" xmlns="http://schemas.microsoft.com/developer/msbuild/2003">
  <ItemGroup>
    <Filter Include="Resource Files">
      <UniqueIdentifier>{67DA6AB6-F800-4c08-8B7A-83BB121AAD01}</UniqueIdentifier>
      <Extensions>rc;ico;cur;bmp;dlg;rc2;rct;bin;rgs;gif;jpg;jpeg;jpe;resx;tga;tiff;tif;png;wav;mfcribbon-ms</Extensions>
    </Filter>
  </ItemGroup>
  <ItemGroup>
    <ClCompile Include="cpu.cpp" />
    <ClCompile Include="pch.cpp" />
    <ClCompile Include="..\cpu_old\3dnow.cc" />
    <ClCompile Include="..\cpu_old\access.cc" />
    <ClCompile Include="..\cpu_old\access2.cc" />
    <ClCompile Include="..\cpu_old\aes.cc" />
    <ClCompile Include="..\cpu_old\apic.cc" />
    <ClCompile Include="..\cpu_old\arith8.cc" />
    <ClCompile Include="..\cpu_old\arith16.cc" />
    <ClCompile Include="..\cpu_old\arith32.cc" />
    <ClCompile Include="..\cpu_old\arith64.cc" />
    <ClCompile Include="..\cpu_old\bcd.cc" />
    <ClCompile Include="..\cpu_old\bit.cc" />
    <ClCompile Include="..\cpu_old\bit16.cc" />
    <ClCompile Include="..\cpu_old\bit32.cc" />
    <ClCompile Include="..\cpu_old\bit64.cc" />
    <ClCompile Include="..\cpu_old\bmi32.cc" />
    <ClCompile Include="..\cpu_old\bmi64.cc" />
    <ClCompile Include="..\cpu_old\call_far.cc" />
    <ClCompile Include="..\cpu_old\cpu.cc" />
    <ClCompile Include="..\cpu_old\cpuid.cc" />
    <ClCompile Include="..\cpu_old\crc32.cc" />
    <ClCompile Include="..\cpu_old\crregs.cc" />
    <ClCompile Include="..\cpu_old\ctrl_xfer_pro.cc" />
    <ClCompile Include="..\cpu_old\ctrl_xfer16.cc" />
    <ClCompile Include="..\cpu_old\ctrl_xfer32.cc" />
    <ClCompile Include="..\cpu_old\ctrl_xfer64.cc" />
    <ClCompile Include="..\cpu_old\data_xfer8.cc" />
    <ClCompile Include="..\cpu_old\data_xfer16.cc" />
    <ClCompile Include="..\cpu_old\data_xfer32.cc" />
    <ClCompile Include="..\cpu_old\data_xfer64.cc" />
    <ClCompile Include="..\cpu_old\debugstuff.cc" />
    <ClCompile Include="..\cpu_old\decoder\disasm.cc" />
    <ClCompile Include="..\cpu_old\event.cc" />
    <ClCompile Include="..\cpu_old\exception.cc" />
    <ClCompile Include="..\cpu_old\faststring.cc" />
    <ClCompile Include="..\cpu_old\decoder\fetchdecode32.cc" />
    <ClCompile Include="..\cpu_old\decoder\fetchdecode64.cc" />
    <ClCompile Include="..\cpu_old\flag_ctrl.cc" />
    <ClCompile Include="..\cpu_old\flag_ctrl_pro.cc" />
    <ClCompile Include="..\cpu_old\fpu_emu.cc" />
    <ClCompile Include="..\cpu_old\generic_cpuid.cc" />
    <ClCompile Include="..\cpu_old\gf2.cc" />
    <ClCompile Include="..\cpu_old\icache.cc" />
    <ClCompile Include="..\cpu_old\init.cc" />
    <ClCompile Include="..\cpu_old\io.cc" />
    <ClCompile Include="..\cpu_old\iret.cc" />
    <ClCompile Include="..\cpu_old\jmp_far.cc" />
    <ClCompile Include="..\cpu_old\load.cc" />
    <ClCompile Include="logical8.cc" />
    <ClCompile Include="..\cpu_old\logical16.cc" />
    <ClCompile Include="..\cpu_old\logical32.cc" />
    <ClCompile Include="..\cpu_old\logical64.cc" />
    <ClCompile Include="..\cpu_old\mmx.cc" />
    <ClCompile Include="..\cpu_old\msr.cc" />
    <ClCompile Include="..\cpu_old\mult8.cc" />
    <ClCompile Include="..\cpu_old\mult16.cc" />
    <ClCompile Include="..\cpu_old\mult32.cc" />
    <ClCompile Include="..\cpu_old\mult64.cc" />
    <ClCompile Include="..\cpu_old\mwait.cc" />
    <ClCompile Include="..\cpu_old\paging.cc" />
    <ClCompile Include="..\cpu_old\proc_ctrl.cc" />
    <ClCompile Include="..\cpu_old\protect_ctrl.cc" />
    <ClCompile Include="..\cpu_old\rdrand.cc" />
    <ClCompile Include="..\cpu_old\ret_far.cc" />
    <ClCompile Include="..\cpu_old\segment_ctrl.cc" />
    <ClCompile Include="..\cpu_old\segment_ctrl_pro.cc" />
    <ClCompile Include="..\cpu_old\sha.cc" />
    <ClCompile Include="..\cpu_old\shift8.cc" />
    <ClCompile Include="..\cpu_old\shift16.cc" />
    <ClCompile Include="..\cpu_old\shift32.cc" />
    <ClCompile Include="..\cpu_old\shift64.cc" />
    <ClCompile Include="..\cpu_old\smm.cc" />
    <ClCompile Include="..\cpu_old\soft_int.cc" />
    <ClCompile Include="..\cpu_old\sse.cc" />
    <ClCompile Include="..\cpu_old\sse_move.cc" />
    <ClCompile Include="..\cpu_old\sse_pfp.cc" />
    <ClCompile Include="..\cpu_old\sse_rcp.cc" />
    <ClCompile Include="..\cpu_old\sse_string.cc" />
    <ClCompile Include="..\cpu_old\stack.cc" />
    <ClCompile Include="..\cpu_old\stack16.cc" />
    <ClCompile Include="..\cpu_old\stack32.cc" />
    <ClCompile Include="..\cpu_old\stack64.cc" />
    <ClCompile Include="..\cpu_old\string.cc" />
    <ClCompile Include="..\cpu_old\svm.cc" />
    <ClCompile Include="..\cpu_old\tasking.cc" />
    <ClCompile Include="..\cpu_old\vapic.cc" />
    <ClCompile Include="..\cpu_old\vm8086.cc" />
    <ClCompile Include="..\cpu_old\vmcs.cc" />
    <ClCompile Include="..\cpu_old\vmexit.cc" />
    <ClCompile Include="..\cpu_old\vmfunc.cc" />
    <ClCompile Include="..\cpu_old\vmx.cc" />
    <ClCompile Include="..\cpu_old\wide_int.cc" />
    <ClCompile Include="..\cpu_old\xsave.cc" />
  </ItemGroup>
  <ItemGroup>
    <ClInclude Include="cpu.h" />
    <ClInclude Include="pch.h" />
    <ClInclude Include="targetver.h" />
    <ClInclude Include="..\cpu_old\access.h" />
    <ClInclude Include="..\cpu_old\apic.h" />
    <ClInclude Include="..\cpu_old\cpu.h" />
    <ClInclude Include="..\cpu_old\cpuid.h" />
    <ClInclude Include="..\cpu_old\cpustats.h" />
    <ClInclude Include="..\cpu_old\crregs.h" />
    <ClInclude Include="..\cpu_old\decoder\decoder.h" />
    <ClInclude Include="..\cpu_old\descriptor.h" />
    <ClInclude Include="..\cpu_old\decoder\fetchdecode.h" />
    <ClInclude Include="..\cpu_old\decoder\fetchdecode_avx.h" />
    <ClInclude Include="..\cpu_old\decoder\fetchdecode_evex.h" />
    <ClInclude Include="..\cpu_old\decoder\fetchdecode_opmap.h" />
    <ClInclude Include="..\cpu_old\decoder\fetchdecode_opmap_0f3a.h" />
    <ClInclude Include="..\cpu_old\decoder\fetchdecode_opmap_0f38.h" />
    <ClInclude Include="..\cpu_old\decoder\fetchdecode_x87.h" />
    <ClInclude Include="..\cpu_old\decoder\fetchdecode_xop.h" />
    <ClInclude Include="..\cpu_old\generic_cpuid.h" />
    <ClInclude Include="..\cpu_old\i387.h" />
    <ClInclude Include="..\cpu_old\icache.h" />
    <ClInclude Include="..\cpu_old\lazy_flags.h" />
    <ClInclude Include="..\cpu_old\scalar_arith.h" />
    <ClInclude Include="..\cpu_old\simd_compare.h" />
    <ClInclude Include="..\cpu_old\simd_int.h" />
    <ClInclude Include="..\cpu_old\simd_pfp.h" />
    <ClInclude Include="..\cpu_old\smm.h" />
    <ClInclude Include="..\cpu_old\stack.h" />
    <ClInclude Include="..\cpu_old\svm.h" />
    <ClInclude Include="..\cpu_old\tlb.h" />
    <ClInclude Include="..\cpu_old\vmx.h" />
    <ClInclude Include="..\cpu_old\wide_int.h" />
    <ClInclude Include="..\cpu_old\xmm.h" />
  </ItemGroup>
</Project>