<?xml version="1.0" encoding="utf-8"?>
<Project ToolsVersion="15.0" xmlns="http://schemas.microsoft.com/developer/msbuild/2003">
  <ItemGroup>
    <Filter Include="Common">
      <UniqueIdentifier>1a3adae8-f478-40a1-a36b-aeb0565abb78</UniqueIdentifier>
    </Filter>
    <Filter Include="Assets">
      <UniqueIdentifier>28d14e90-3ded-4ace-ad5c-e00990deb6b4</UniqueIdentifier>
      <Extensions>bmp;fbx;gif;jpg;jpeg;tga;tiff;tif;png</Extensions>
    </Filter>
  </ItemGroup>
  <ItemGroup>
    <ApplicationDefinition Include="App.xaml" />
  </ItemGroup>
  <ItemGroup>
    <ClCompile Include="pch.cpp" />
    <ClCompile Include="bxdisasm.cc" />
    <ClCompile Include="bxthread.cc" />
    <ClCompile Include="config.cc" />
    <ClCompile Include="crc.cc" />
    <ClCompile Include="gdbstub.cc" />
    <ClCompile Include="logio.cc" />
    <ClCompile Include="logio.cpp" />
    <ClCompile Include="ltdl.c" />
    <ClCompile Include="main.cc" />
    <ClCompile Include="osdep.cc" />
    <ClCompile Include="pc_system.cc" />
    <ClCompile Include="plugin.cc" />
  </ItemGroup>
  <ItemGroup>
    <ClInclude Include="pch.h" />
    <ClInclude Include="bochs.h" />
    <ClInclude Include="bxthread.h" />
    <ClInclude Include="bxversion.h" />
    <ClInclude Include="config.h" />
    <ClInclude Include="cpudb.h" />
    <ClInclude Include="extplugin.h" />
    <ClInclude Include="logio.h" />
    <ClInclude Include="ltdl-bochs.h" />
    <ClInclude Include="ltdlconf.h" />
    <ClInclude Include="osdep.h" />
    <ClInclude Include="param_names.h" />
    <ClInclude Include="pc_system.h" />
    <ClInclude Include="plugin.h" />
    <ClInclude Include="qemu-queue.h" />
    <ClInclude Include="synchaapi.h" />
  </ItemGroup>
  <ItemGroup>
    <Image Include="Assets\LockScreenLogo.scale-200.png">
      <Filter>Assets</Filter>
    </Image>
    <Image Include="Assets\SplashScreen.scale-200.png">
      <Filter>Assets</Filter>
    </Image>
    <Image Include="Assets\Square150x150Logo.scale-200.png">
      <Filter>Assets</Filter>
    </Image>
    <Image Include="Assets\Square44x44Logo.scale-200.png">
      <Filter>Assets</Filter>
    </Image>
    <Image Include="Assets\Square44x44Logo.targetsize-24_altform-unplated.png">
      <Filter>Assets</Filter>
    </Image>
    <Image Include="Assets\StoreLogo.png">
      <Filter>Assets</Filter>
    </Image>
    <Image Include="Assets\Wide310x150Logo.scale-200.png">
      <Filter>Assets</Filter>
    </Image>
  </ItemGroup>
  <ItemGroup>
    <AppxManifest Include="Package.appxmanifest" />
  </ItemGroup>
  <ItemGroup>
    <None Include="bochs_TemporaryKey.pfx" />
    <None Include="aclocal.m4" />
    <None Include="bxversion.h.in" />
    <None Include="bxversion.rc.in" />
    <None Include="config.guess" />
    <None Include="config.status" />
    <None Include="config.sub" />
    <None Include="config.h.in" />
    <None Include="configure" />
    <None Include="configure.in" />
    <None Include="install-sh" />
    <None Include="ltdlconf.h.in" />
    <None Include="ltmain.sh" />
    <None Include="Makefile" />
    <None Include="Makefile.in" />
    <None Include="msrs.def" />
  </ItemGroup>
  <ItemGroup>
    <Page Include="MainPage.xaml" />
  </ItemGroup>
  <ItemGroup>
    <Text Include="config.log" />
  </ItemGroup>
</Project>