<?xml version="1.0" encoding="utf-8"?>
<Project ToolsVersion="15.0" xmlns="http://schemas.microsoft.com/developer/msbuild/2003">
  <ItemGroup>
    <Filter Include="Resource Files">
      <UniqueIdentifier>{67DA6AB6-F800-4c08-8B7A-83BB121AAD01}</UniqueIdentifier>
      <Extensions>rc;ico;cur;bmp;dlg;rc2;rct;bin;rgs;gif;jpg;jpeg;jpe;resx;tga;tiff;tif;png;wav;mfcribbon-ms</Extensions>
    </Filter>
  </ItemGroup>
  <ItemGroup>
    <ClCompile Include="iodev_network.cpp" />
    <ClCompile Include="pch.cpp" />
    <ClCompile Include="..\iodev_old\network\slirp\arp_table.cc" />
    <ClCompile Include="..\iodev_old\network\slirp\bootp.cc" />
    <ClCompile Include="..\iodev_old\network\slirp\cksum.cc" />
    <ClCompile Include="..\iodev_old\network\slirp\compat.cc" />
    <ClCompile Include="..\iodev_old\network\slirp\dnssearch.cc" />
    <ClCompile Include="..\iodev_old\network\e1000.cc" />
    <ClCompile Include="..\iodev_old\network\eth_null.cc" />
    <ClCompile Include="..\iodev_old\network\eth_slirp.cc" />
    <ClCompile Include="..\iodev_old\network\eth_socket.cc" />
    <ClCompile Include="..\iodev_old\network\eth_vnet.cc" />
    <ClCompile Include="..\iodev_old\network\eth_win32.cc" />
    <ClCompile Include="..\iodev_old\network\slirp\if.cc" />
    <ClCompile Include="..\iodev_old\network\slirp\ip_icmp.cc" />
    <ClCompile Include="..\iodev_old\network\slirp\ip_input.cc" />
    <ClCompile Include="..\iodev_old\network\slirp\ip_output.cc" />
    <ClCompile Include="..\iodev_old\network\slirp\mbuf.cc" />
    <ClCompile Include="..\iodev_old\network\slirp\misc.cc" />
    <ClCompile Include="..\iodev_old\network\ne2k.cc" />
    <ClCompile Include="..\iodev_old\network\netmod.cc" />
    <ClCompile Include="..\iodev_old\network\netutil.cc" />
    <ClCompile Include="..\iodev_old\network\pcipnic.cc" />
    <ClCompile Include="..\iodev_old\network\slirp\sbuf.cc" />
    <ClCompile Include="..\iodev_old\network\slirp\slirp.cc" />
    <ClCompile Include="..\iodev_old\network\slirp\socket.cc" />
    <ClCompile Include="..\iodev_old\network\slirp\tcp_input.cc" />
    <ClCompile Include="..\iodev_old\network\slirp\tcp_output.cc" />
    <ClCompile Include="..\iodev_old\network\slirp\tcp_subr.cc" />
    <ClCompile Include="..\iodev_old\network\slirp\tcp_timer.cc" />
    <ClCompile Include="..\iodev_old\network\slirp\tftp.cc" />
    <ClCompile Include="..\iodev_old\network\slirp\udp.cc" />
  </ItemGroup>
  <ItemGroup>
    <ClInclude Include="iodev_network.h" />
    <ClInclude Include="pch.h" />
    <ClInclude Include="targetver.h" />
    <ClInclude Include="..\iodev_old\network\slirp\bootp.h" />
    <ClInclude Include="..\iodev_old\network\slirp\compat.h" />
    <ClInclude Include="..\iodev_old\network\slirp\debug.h" />
    <ClInclude Include="..\iodev_old\network\e1000.h" />
    <ClInclude Include="..\iodev_old\network\slirp\if.h" />
    <ClInclude Include="..\iodev_old\network\slirp\ip.h" />
    <ClInclude Include="..\iodev_old\network\slirp\ip_icmp.h" />
    <ClInclude Include="..\iodev_old\network\slirp\libslirp.h" />
    <ClInclude Include="..\iodev_old\network\slirp\main.h" />
    <ClInclude Include="..\iodev_old\network\slirp\mbuf.h" />
    <ClInclude Include="..\iodev_old\network\slirp\misc.h" />
    <ClInclude Include="..\iodev_old\network\ne2k.h" />
    <ClInclude Include="..\iodev_old\network\netmod.h" />
    <ClInclude Include="..\iodev_old\network\netutil.h" />
    <ClInclude Include="..\iodev_old\network\pcipnic.h" />
    <ClInclude Include="..\iodev_old\network\pnic_api.h" />
    <ClInclude Include="..\iodev_old\network\slirp\sbuf.h" />
    <ClInclude Include="..\iodev_old\network\slirp\slirp.h" />
    <ClInclude Include="..\iodev_old\network\slirp\slirp_config.h" />
    <ClInclude Include="..\iodev_old\network\slirp\socket.h" />
    <ClInclude Include="..\iodev_old\network\slirp\tcp.h" />
    <ClInclude Include="..\iodev_old\network\slirp\tcp_timer.h" />
    <ClInclude Include="..\iodev_old\network\slirp\tcp_var.h" />
    <ClInclude Include="..\iodev_old\network\slirp\tcpip.h" />
    <ClInclude Include="..\iodev_old\network\slirp\tftp.h" />
    <ClInclude Include="..\iodev_old\network\slirp\udp.h" />
  </ItemGroup>
</Project>