<?xml version="1.0" encoding="utf-8"?>
<Project ToolsVersion="15.0" xmlns="http://schemas.microsoft.com/developer/msbuild/2003">
  <ItemGroup>
    <Filter Include="Resource Files">
      <UniqueIdentifier>{67DA6AB6-F800-4c08-8B7A-83BB121AAD01}</UniqueIdentifier>
      <Extensions>rc;ico;cur;bmp;dlg;rc2;rct;bin;rgs;gif;jpg;jpeg;jpe;resx;tga;tiff;tif;png;wav;mfcribbon-ms</Extensions>
    </Filter>
  </ItemGroup>
  <ItemGroup>
    <ClCompile Include="iodev_sound.cpp" />
    <ClCompile Include="pch.cpp" />
    <ClCompile Include="..\iodev\sound\es1370.cc" />
    <ClCompile Include="..\iodev_old\sound\opl.cc" />
    <ClCompile Include="..\iodev_old\sound\sb16.cc" />
    <ClCompile Include="..\iodev_old\sound\sounddummy.cc" />
    <ClCompile Include="..\iodev_old\sound\soundfile.cc" />
    <ClCompile Include="..\iodev_old\sound\soundlow.cc" />
    <ClCompile Include="..\iodev_old\sound\soundmod.cc" />
    <ClCompile Include="..\iodev_old\sound\soundsdl.cc" />
    <ClCompile Include="..\iodev_old\sound\soundwin.cc" />
  </ItemGroup>
  <ItemGroup>
    <ClInclude Include="iodev_sound.h" />
    <ClInclude Include="pch.h" />
    <ClInclude Include="targetver.h" />
    <ClInclude Include="..\iodev_old\sound\es1370.h" />
    <ClInclude Include="..\iodev_old\sound\opl.h" />
    <ClInclude Include="..\iodev_old\sound\sb16.h" />
    <ClInclude Include="..\iodev_old\sound\soundfile.h" />
    <ClInclude Include="..\iodev_old\sound\soundlow.h" />
    <ClInclude Include="..\iodev_old\sound\soundmod.h" />
    <ClInclude Include="..\iodev_old\sound\soundsdl.h" />
    <ClInclude Include="..\iodev_old\sound\soundwin.h" />
  </ItemGroup>
</Project>