<?xml version="1.0" encoding="utf-8"?>
<Project ToolsVersion="15.0" xmlns="http://schemas.microsoft.com/developer/msbuild/2003">
  <ItemGroup>
    <Filter Include="Resource Files">
      <UniqueIdentifier>{67DA6AB6-F800-4c08-8B7A-83BB121AAD01}</UniqueIdentifier>
      <Extensions>rc;ico;cur;bmp;dlg;rc2;rct;bin;rgs;gif;jpg;jpeg;jpe;resx;tga;tiff;tif;png;wav;mfcribbon-ms</Extensions>
    </Filter>
  </ItemGroup>
  <ItemGroup>
    <ClCompile Include="iodev_hdimage.cpp" />
    <ClCompile Include="pch.cpp" />
    <ClCompile Include="..\iodev_old\hdimage\cdrom.cc" />
    <ClCompile Include="..\iodev_old\hdimage\cdrom_win32.cc" />
    <ClCompile Include="..\iodev_old\hdimage\hdimage.cc" />
    <ClCompile Include="..\iodev_old\hdimage\vbox.cc" />
    <ClCompile Include="..\iodev_old\hdimage\vmware3.cc" />
    <ClCompile Include="..\iodev_old\hdimage\vmware4.cc" />
    <ClCompile Include="..\iodev_old\hdimage\vpc.cc" />
    <ClCompile Include="..\iodev_old\hdimage\vvfat.cc" />
  </ItemGroup>
  <ItemGroup>
    <ClInclude Include="iodev_hdimage.h" />
    <ClInclude Include="pch.h" />
    <ClInclude Include="targetver.h" />
    <ClInclude Include="..\iodev_old\hdimage\cdrom.h" />
    <ClInclude Include="..\iodev_old\hdimage\cdrom_win32.h" />
    <ClInclude Include="..\iodev_old\hdimage\hdimage.h" />
    <ClInclude Include="..\iodev_old\hdimage\scsi_commands.h" />
    <ClInclude Include="..\iodev_old\hdimage\vbox.h" />
    <ClInclude Include="..\iodev_old\hdimage\vmware3.h" />
    <ClInclude Include="..\iodev_old\hdimage\vmware4.h" />
    <ClInclude Include="..\iodev_old\hdimage\vpc.h" />
    <ClInclude Include="..\iodev_old\hdimage\vvfat.h" />
  </ItemGroup>
</Project>