<?xml version="1.0" encoding="utf-8"?>
<Project ToolsVersion="15.0" xmlns="http://schemas.microsoft.com/developer/msbuild/2003">
  <ItemGroup>
    <Filter Include="Resource Files">
      <UniqueIdentifier>{67DA6AB6-F800-4c08-8B7A-83BB121AAD01}</UniqueIdentifier>
      <Extensions>rc;ico;cur;bmp;dlg;rc2;rct;bin;rgs;gif;jpg;jpeg;jpe;resx;tga;tiff;tif;png;wav;mfcribbon-ms</Extensions>
    </Filter>
  </ItemGroup>
  <ItemGroup>
    <ClCompile Include="iodev.cpp" />
    <ClCompile Include="pch.cpp" />
    <ClCompile Include="..\iodev\acpi.cc" />
    <ClCompile Include="..\iodev\biosdev.cc" />
    <ClCompile Include="..\iodev\busmouse.cc" />
    <ClCompile Include="..\iodev\cmos.cc" />
    <ClCompile Include="..\iodev\devices.cc" />
    <ClCompile Include="..\iodev\dma.cc" />
    <ClCompile Include="..\iodev\extfpuirq.cc" />
    <ClCompile Include="..\iodev\floppy.cc" />
    <ClCompile Include="..\iodev\gameport.cc" />
    <ClCompile Include="..\iodev\harddrv.cc" />
    <ClCompile Include="..\iodev\hpet.cc" />
    <ClCompile Include="..\iodev\ioapic.cc" />
    <ClCompile Include="..\iodev\iodebug.cc" />
    <ClCompile Include="..\iodev\keyboard.cc" />
    <ClCompile Include="..\iodev\parallel.cc" />
    <ClCompile Include="..\iodev\pci.cc" />
    <ClCompile Include="..\iodev\pci_ide.cc" />
    <ClCompile Include="..\iodev\pci2isa.cc" />
    <ClCompile Include="..\iodev\pic.cc" />
    <ClCompile Include="..\iodev\pit.cc" />
    <ClCompile Include="..\iodev\pit82c54.cc" />
    <ClCompile Include="..\iodev\scancodes.cc" />
    <ClCompile Include="..\iodev\serial.cc" />
    <ClCompile Include="..\iodev\serial_raw.cc" />
    <ClCompile Include="..\iodev\slowdown_timer.cc" />
    <ClCompile Include="..\iodev\speaker.cc" />
    <ClCompile Include="..\iodev\unmapped.cc" />
    <ClCompile Include="..\iodev\virt_timer.cc" />
  </ItemGroup>
  <ItemGroup>
    <ClInclude Include="iodev.h" />
    <ClInclude Include="pch.h" />
    <ClInclude Include="targetver.h" />
    <ClInclude Include="..\iodev\acpi.h" />
    <ClInclude Include="..\iodev\biosdev.h" />
    <ClInclude Include="..\iodev\busmouse.h" />
    <ClInclude Include="..\iodev\cmos.h" />
    <ClInclude Include="..\iodev\dma.h" />
    <ClInclude Include="..\iodev\extfpuirq.h" />
    <ClInclude Include="..\iodev\floppy.h" />
    <ClInclude Include="..\iodev\gameport.h" />
    <ClInclude Include="..\iodev\harddrv.h" />
    <ClInclude Include="..\iodev\hpet.h" />
    <ClInclude Include="..\iodev\ioapic.h" />
    <ClInclude Include="..\iodev\iodebug.h" />
    <ClInclude Include="..\iodev\iodev.h" />
    <ClInclude Include="..\iodev\keyboard.h" />
    <ClInclude Include="..\iodev\parallel.h" />
    <ClInclude Include="..\iodev\pci.h" />
    <ClInclude Include="..\iodev\pci_ide.h" />
    <ClInclude Include="..\iodev\pci2isa.h" />
    <ClInclude Include="..\iodev\pic.h" />
    <ClInclude Include="..\iodev\pit.h" />
    <ClInclude Include="..\iodev\pit82c54.h" />
    <ClInclude Include="..\iodev\scancodes.h" />
    <ClInclude Include="..\iodev\serial.h" />
    <ClInclude Include="..\iodev\serial_raw.h" />
    <ClInclude Include="..\iodev\slowdown_timer.h" />
    <ClInclude Include="..\iodev\speaker.h" />
    <ClInclude Include="..\iodev\unmapped.h" />
    <ClInclude Include="..\iodev\virt_timer.h" />
  </ItemGroup>
</Project>